
Microsoft Visual Studio Solution File, Format Version 12.00
# Visual Studio 15
Project("{FAE04EC0-301F-11D3-BF4B-00C04F79EFBC}") = "Assembly-CSharp", "Assembly-CSharp.csproj", "{F7365B81-5F08-E803-B4C2-339338B21106}"
EndProject
Project("{FAE04EC0-301F-11D3-BF4B-00C04F79EFBC}") = "Assembly-CSharp-Editor", "Assembly-CSharp-Editor.csproj", "{705796FC-12A1-E9A3-DEC7-A16A35A6DF2A}"
EndProject
Global
	GlobalSection(SolutionConfigurationPlatforms) = preSolution
		Debug|Any CPU = Debug|Any CPU
		Release|Any CPU = Release|Any CPU
	EndGlobalSection
	GlobalSection(ProjectConfigurationPlatforms) = postSolution
		{F7365B81-5F08-E803-B4C2-339338B21106}.Debug|Any CPU.ActiveCfg = Debug|Any CPU
		{F7365B81-5F08-E803-B4C2-339338B21106}.Debug|Any CPU.Build.0 = Debug|Any CPU
		{F7365B81-5F08-E803-B4C2-339338B21106}.Release|Any CPU.ActiveCfg = Release|Any CPU
		{F7365B81-5F08-E803-B4C2-339338B21106}.Release|Any CPU.Build.0 = Release|Any CPU
		{705796FC-12A1-E9A3-DEC7-A16A35A6DF2A}.Debug|Any CPU.ActiveCfg = Debug|Any CPU
		{705796FC-12A1-E9A3-DEC7-A16A35A6DF2A}.Debug|Any CPU.Build.0 = Debug|Any CPU
		{705796FC-12A1-E9A3-DEC7-A16A35A6DF2A}.Release|Any CPU.ActiveCfg = Release|Any CPU
		{705796FC-12A1-E9A3-DEC7-A16A35A6DF2A}.Release|Any CPU.Build.0 = Release|Any CPU
	EndGlobalSection
	GlobalSection(SolutionProperties) = preSolution
		HideSolutionNode = FALSE
	EndGlobalSection
EndGlobal
